{
  "name": "bygagoos-ink",
  "version": "1.0.0",
  "lockfileVersion": 3,
  "requires": true,
  "packages": {
    "": {
      "name": "bygagoos-ink",
      "version": "1.0.0",
      "license": "MIT",
      "devDependencies": {},
      "engines": {
        "node": ">=18.17.0",
        "npm": ">=9.0.0"
      }
    }
  }
}
